// !$*UTF8*$!
{
	archiveVersion = 1;
	classes = {
	};
	objectVersion = 46;
	objects = {

/* Begin PBXBuildFile section */
		D32066B618E7DCEF00076398 /* Foundation.framework in Frameworks */ = {isa = PBXBuildFile; fileRef = D32066B518E7DCEF00076398 /* Foundation.framework */; };
		D32066B818E7DCEF00076398 /* CoreGraphics.framework in Frameworks */ = {isa = PBXBuildFile; fileRef = D32066B718E7DCEF00076398 /* CoreGraphics.framework */; };
		D32066BA18E7DCEF00076398 /* UIKit.framework in Frameworks */ = {isa = PBXBuildFile; fileRef = D32066B918E7DCEF00076398 /* UIKit.framework */; };
		D32066C018E7DCEF00076398 /* InfoPlist.strings in Resources */ = {isa = PBXBuildFile; fileRef = D32066BE18E7DCEF00076398 /* InfoPlist.strings */; };
		D32066C218E7DCEF00076398 /* main.m in Sources */ = {isa = PBXBuildFile; fileRef = D32066C118E7DCEF00076398 /* main.m */; };
		D32066C618E7DCEF00076398 /* E33AppDelegate.m in Sources */ = {isa = PBXBuildFile; fileRef = D32066C518E7DCEF00076398 /* E33AppDelegate.m */; };
		D32066C918E7DCEF00076398 /* Main.storyboard in Resources */ = {isa = PBXBuildFile; fileRef = D32066C718E7DCEF00076398 /* Main.storyboard */; };
		D32066CC18E7DCEF00076398 /* E33ViewController.m in Sources */ = {isa = PBXBuildFile; fileRef = D32066CB18E7DCEF00076398 /* E33ViewController.m */; };
		D32066CE18E7DCEF00076398 /* Images.xcassets in Resources */ = {isa = PBXBuildFile; fileRef = D32066CD18E7DCEF00076398 /* Images.xcassets */; };
		D32066D518E7DCEF00076398 /* XCTest.framework in Frameworks */ = {isa = PBXBuildFile; fileRef = D32066D418E7DCEF00076398 /* XCTest.framework */; };
		D32066D618E7DCEF00076398 /* Foundation.framework in Frameworks */ = {isa = PBXBuildFile; fileRef = D32066B518E7DCEF00076398 /* Foundation.framework */; };
		D32066D718E7DCEF00076398 /* UIKit.framework in Frameworks */ = {isa = PBXBuildFile; fileRef = D32066B918E7DCEF00076398 /* UIKit.framework */; };
		D32066DF18E7DCEF00076398 /* InfoPlist.strings in Resources */ = {isa = PBXBuildFile; fileRef = D32066DD18E7DCEF00076398 /* InfoPlist.strings */; };
		D32066E118E7DCEF00076398 /* Git_TestTests.m in Sources */ = {isa = PBXBuildFile; fileRef = D32066E018E7DCEF00076398 /* Git_TestTests.m */; };
/* End PBXBuildFile section */

/* Begin PBXContainerItemProxy section */
		D32066D818E7DCEF00076398 /* PBXContainerItemProxy */ = {
			isa = PBXContainerItemProxy;
			containerPortal = D32066AA18E7DCEF00076398 /* Project object */;
			proxyType = 1;
			remoteGlobalIDString = D32066B118E7DCEF00076398;
			remoteInfo = "Git Test";
		};
/* End PBXContainerItemProxy section */

/* Begin PBXFileReference section */
		D32066B218E7DCEF00076398 /* Git Test.app */ = {isa = PBXFileReference; explicitFileType = wrapper.application; includeInIndex = 0; path = "Git Test.app"; sourceTree = BUILT_PRODUCTS_DIR; };
		D32066B518E7DCEF00076398 /* Foundation.framework */ = {isa = PBXFileReference; lastKnownFileType = wrapper.framework; name = Foundation.framework; path = System/Library/Frameworks/Foundation.framework; sourceTree = SDKROOT; };
		D32066B718E7DCEF00076398 /* CoreGraphics.framework */ = {isa = PBXFileReference; lastKnownFileType = wrapper.framework; name = CoreGraphics.framework; path = System/Library/Frameworks/CoreGraphics.framework; sourceTree = SDKROOT; };
		D32066B918E7DCEF00076398 /* UIKit.framework */ = {isa = PBXFileReference; lastKnownFileType = wrapper.framework; name = UIKit.framework; path = System/Library/Frameworks/UIKit.framework; sourceTree = SDKROOT; };
		D32066BD18E7DCEF00076398 /* Git Test-Info.plist */ = {isa = PBXFileReference; lastKnownFileType = text.plist.xml; path = "Git Test-Info.plist"; sourceTree = "<group>"; };
		D32066BF18E7DCEF00076398 /* en */ = {isa = PBXFileReference; lastKnownFileType = text.plist.strings; name = en; path = en.lproj/InfoPlist.strings; sourceTree = "<group>"; };
		D32066C118E7DCEF00076398 /* main.m */ = {isa = PBXFileReference; lastKnownFileType = sourcecode.c.objc; path = main.m; sourceTree = "<group>"; };
		D32066C318E7DCEF00076398 /* Git Test-Prefix.pch */ = {isa = PBXFileReference; lastKnownFileType = sourcecode.c.h; path = "Git Test-Prefix.pch"; sourceTree = "<group>"; };
		D32066C418E7DCEF00076398 /* E33AppDelegate.h */ = {isa = PBXFileReference; lastKnownFileType = sourcecode.c.h; path = E33AppDelegate.h; sourceTree = "<group>"; };
		D32066C518E7DCEF00076398 /* E33AppDelegate.m */ = {isa = PBXFileReference; lastKnownFileType = sourcecode.c.objc; path = E33AppDelegate.m; sourceTree = "<group>"; };
		D32066C818E7DCEF00076398 /* Base */ = {isa = PBXFileReference; lastKnownFileType = file.storyboard; name = Base; path = Base.lproj/Main.storyboard; sourceTree = "<group>"; };
		D32066CA18E7DCEF00076398 /* E33ViewController.h */ = {isa = PBXFileReference; lastKnownFileType = sourcecode.c.h; path = E33ViewController.h; sourceTree = "<group>"; };
		D32066CB18E7DCEF00076398 /* E33ViewController.m */ = {isa = PBXFileReference; lastKnownFileType = sourcecode.c.objc; path = E33ViewController.m; sourceTree = "<group>"; };
		D32066CD18E7DCEF00076398 /* Images.xcassets */ = {isa = PBXFileReference; lastKnownFileType = folder.assetcatalog; path = Images.xcassets; sourceTree = "<group>"; };
		D32066D318E7DCEF00076398 /* Git TestTests.xctest */ = {isa = PBXFileReference; explicitFileType = wrapper.cfbundle; includeInIndex = 0; path = "Git TestTests.xctest"; sourceTree = BUILT_PRODUCTS_DIR; };
		D32066D418E7DCEF00076398 /* XCTest.framework */ = {isa = PBXFileReference; lastKnownFileType = wrapper.framework; name = XCTest.framework; path = Library/Frameworks/XCTest.framework; sourceTree = DEVELOPER_DIR; };
		D32066DC18E7DCEF00076398 /* Git TestTests-Info.plist */ = {isa = PBXFileReference; lastKnownFileType = text.plist.xml; path = "Git TestTests-Info.plist"; sourceTree = "<group>"; };
		D32066DE18E7DCEF00076398 /* en */ = {isa = PBXFileReference; lastKnownFileType = text.plist.strings; name = en; path = en.lproj/InfoPlist.strings; sourceTree = "<group>"; };
		D32066E018E7DCEF00076398 /* Git_TestTests.m */ = {isa = PBXFileReference; lastKnownFileType = sourcecode.c.objc; path = Git_TestTests.m; sourceTree = "<group>"; };
/* End PBXFileReference section */

/* Begin PBXFrameworksBuildPhase section */
		D32066AF18E7DCEF00076398 /* Frameworks */ = {
			isa = PBXFrameworksBuildPhase;
			buildActionMask = 2147483647;
			files = (
				D32066B818E7DCEF00076398 /* CoreGraphics.framework in Frameworks */,
				D32066BA18E7DCEF00076398 /* UIKit.framework in Frameworks */,
				D32066B618E7DCEF00076398 /* Foundation.framework in Frameworks */,
			);
			runOnlyForDeploymentPostprocessing = 0;
		};
		D32066D018E7DCEF00076398 /* Frameworks */ = {
			isa = PBXFrameworksBuildPhase;
			buildActionMask = 2147483647;
			files = (
				D32066D518E7DCEF00076398 /* XCTest.framework in Frameworks */,
				D32066D718E7DCEF00076398 /* UIKit.framework in Frameworks */,
				D32066D618E7DCEF00076398 /* Foundation.framework in Frameworks */,
			);
			runOnlyForDeploymentPostprocessing = 0;
		};
/* End PBXFrameworksBuildPhase section */

/* Begin PBXGroup section */
		D32066A918E7DCEF00076398 = {
			isa = PBXGroup;
			children = (
				D32066BB18E7DCEF00076398 /* Git Test */,
				D32066DA18E7DCEF00076398 /* Git TestTests */,
				D32066B418E7DCEF00076398 /* Frameworks */,
				D32066B318E7DCEF00076398 /* Products */,
			);
			sourceTree = "<group>";
		};
		D32066B318E7DCEF00076398 /* Products */ = {
			isa = PBXGroup;
			children = (
				D32066B218E7DCEF00076398 /* Git Test.app */,
				D32066D318E7DCEF00076398 /* Git TestTests.xctest */,
			);
			name = Products;
			sourceTree = "<group>";
		};
		D32066B418E7DCEF00076398 /* Frameworks */ = {
			isa = PBXGroup;
			children = (
				D32066B518E7DCEF00076398 /* Foundation.framework */,
				D32066B718E7DCEF00076398 /* CoreGraphics.framework */,
				D32066B918E7DCEF00076398 /* UIKit.framework */,
				D32066D418E7DCEF00076398 /* XCTest.framework */,
			);
			name = Frameworks;
			sourceTree = "<group>";
		};
		D32066BB18E7DCEF00076398 /* Git Test */ = {
			isa = PBXGroup;
			children = (
				D32066C418E7DCEF00076398 /* E33AppDelegate.h */,
				D32066C518E7DCEF00076398 /* E33AppDelegate.m */,
				D32066C718E7DCEF00076398 /* Main.storyboard */,
				D32066CA18E7DCEF00076398 /* E33ViewController.h */,
				D32066CB18E7DCEF00076398 /* E33ViewController.m */,
				D32066CD18E7DCEF00076398 /* Images.xcassets */,
				D32066BC18E7DCEF00076398 /* Supporting Files */,
			);
			path = "Git Test";
			sourceTree = "<group>";
		};
		D32066BC18E7DCEF00076398 /* Supporting Files */ = {
			isa = PBXGroup;
			children = (
				D32066BD18E7DCEF00076398 /* Git Test-Info.plist */,
				D32066BE18E7DCEF00076398 /* InfoPlist.strings */,
				D32066C118E7DCEF00076398 /* main.m */,
				D32066C318E7DCEF00076398 /* Git Test-Prefix.pch */,
			);
			name = "Supporting Files";
			sourceTree = "<group>";
		};
		D32066DA18E7DCEF00076398 /* Git TestTests */ = {
			isa = PBXGroup;
			children = (
				D32066E018E7DCEF00076398 /* Git_TestTests.m */,
				D32066DB18E7DCEF00076398 /* Supporting Files */,
			);
			path = "Git TestTests";
			sourceTree = "<group>";
		};
		D32066DB18E7DCEF00076398 /* Supporting Files */ = {
			isa = PBXGroup;
			children = (
				D32066DC18E7DCEF00076398 /* Git TestTests-Info.plist */,
				D32066DD18E7DCEF00076398 /* InfoPlist.strings */,
			);
			name = "Supporting Files";
			sourceTree = "<group>";
		};
/* End PBXGroup section */

/* Begin PBXNativeTarget section */
		D32066B118E7DCEF00076398 /* Git Test */ = {
			isa = PBXNativeTarget;
			buildConfigurationList = D32066E418E7DCEF00076398 /* Build configuration list for PBXNativeTarget "Git Test" */;
			buildPhases = (
				D32066AE18E7DCEF00076398 /* Sources */,
				D32066AF18E7DCEF00076398 /* Frameworks */,
				D32066B018E7DCEF00076398 /* Resources */,
			);
			buildRules = (
			);
			dependencies = (
			);
			name = "Git Test";
			productName = "Git Test";
			productReference = D32066B218E7DCEF00076398 /* Git Test.app */;
			productType = "com.apple.product-type.application";
		};
		D32066D218E7DCEF00076398 /* Git TestTests */ = {
			isa = PBXNativeTarget;
			buildConfigurationList = D32066E718E7DCEF00076398 /* Build configuration list for PBXNativeTarget "Git TestTests" */;
			buildPhases = (
				D32066CF18E7DCEF00076398 /* Sources */,
				D32066D018E7DCEF00076398 /* Frameworks */,
				D32066D118E7DCEF00076398 /* Resources */,
			);
			buildRules = (
			);
			dependencies = (
				D32066D918E7DCEF00076398 /* PBXTargetDependency */,
			);
			name = "Git TestTests";
			productName = "Git TestTests";
			productReference = D32066D318E7DCEF00076398 /* Git TestTests.xctest */;
			productType = "com.apple.product-type.bundle.unit-test";
		};
/* End PBXNativeTarget section */

/* Begin PBXProject section */
		D32066AA18E7DCEF00076398 /* Project object */ = {
			isa = PBXProject;
			attributes = {
				CLASSPREFIX = E33;
				LastUpgradeCheck = 0510;
				ORGANIZATIONNAME = E33;
				TargetAttributes = {
					D32066D218E7DCEF00076398 = {
						TestTargetID = D32066B118E7DCEF00076398;
					};
				};
			};
			buildConfigurationList = D32066AD18E7DCEF00076398 /* Build configuration list for PBXProject "Git Test" */;
			compatibilityVersion = "Xcode 3.2";
			developmentRegion = English;
			hasScannedForEncodings = 0;
			knownRegions = (
				en,
				Base,
			);
			mainGroup = D32066A918E7DCEF00076398;
			productRefGroup = D32066B318E7DCEF00076398 /* Products */;
			projectDirPath = "";
			projectRoot = "";
			targets = (
				D32066B118E7DCEF00076398 /* Git Test */,
				D32066D218E7DCEF00076398 /* Git TestTests */,
			);
		};
/* End PBXProject section */

/* Begin PBXResourcesBuildPhase section */
		D32066B018E7DCEF00076398 /* Resources */ = {
			isa = PBXResourcesBuildPhase;
			buildActionMask = 2147483647;
			files = (
				D32066CE18E7DCEF00076398 /* Images.xcassets in Resources */,
				D32066C018E7DCEF00076398 /* InfoPlist.strings in Resources */,
				D32066C918E7DCEF00076398 /* Main.storyboard in Resources */,
			);
			runOnlyForDeploymentPostprocessing = 0;
		};
		D32066D118E7DCEF00076398 /* Resources */ = {
			isa = PBXResourcesBuildPhase;
			buildActionMask = 2147483647;
			files = (
				D32066DF18E7DCEF00076398 /* InfoPlist.strings in Resources */,
			);
			runOnlyForDeploymentPostprocessing = 0;
		};
/* End PBXResourcesBuildPhase section */

/* Begin PBXSourcesBuildPhase section */
		D32066AE18E7DCEF00076398 /* Sources */ = {
			isa = PBXSourcesBuildPhase;
			buildActionMask = 2147483647;
			files = (
				D32066C618E7DCEF00076398 /* E33AppDelegate.m in Sources */,
				D32066C218E7DCEF00076398 /* main.m in Sources */,
				D32066CC18E7DCEF00076398 /* E33ViewController.m in Sources */,
			);
			runOnlyForDeploymentPostprocessing = 0;
		};
		D32066CF18E7DCEF00076398 /* Sources */ = {
			isa = PBXSourcesBuildPhase;
			buildActionMask = 2147483647;
			files = (
				D32066E118E7DCEF00076398 /* Git_TestTests.m in Sources */,
			);
			runOnlyForDeploymentPostprocessing = 0;
		};
/* End PBXSourcesBuildPhase section */

/* Begin PBXTargetDependency section */
		D32066D918E7DCEF00076398 /* PBXTargetDependency */ = {
			isa = PBXTargetDependency;
			target = D32066B118E7DCEF00076398 /* Git Test */;
			targetProxy = D32066D818E7DCEF00076398 /* PBXContainerItemProxy */;
		};
/* End PBXTargetDependency section */

/* Begin PBXVariantGroup section */
		D32066BE18E7DCEF00076398 /* InfoPlist.strings */ = {
			isa = PBXVariantGroup;
			children = (
				D32066BF18E7DCEF00076398 /* en */,
			);
			name = InfoPlist.strings;
			sourceTree = "<group>";
		};
		D32066C718E7DCEF00076398 /* Main.storyboard */ = {
			isa = PBXVariantGroup;
			children = (
				D32066C818E7DCEF00076398 /* Base */,
			);
			name = Main.storyboard;
			sourceTree = "<group>";
		};
		D32066DD18E7DCEF00076398 /* InfoPlist.strings */ = {
			isa = PBXVariantGroup;
			children = (
				D32066DE18E7DCEF00076398 /* en */,
			);
			name = InfoPlist.strings;
			sourceTree = "<group>";
		};
/* End PBXVariantGroup section */

/* Begin XCBuildConfiguration section */
		D32066E218E7DCEF00076398 /* Debug */ = {
			isa = XCBuildConfiguration;
			buildSettings = {
				ALWAYS_SEARCH_USER_PATHS = NO;
				CLANG_CXX_LANGUAGE_STANDARD = "gnu++0x";
				CLANG_CXX_LIBRARY = "libc++";
				CLANG_ENABLE_MODULES = YES;
				CLANG_ENABLE_OBJC_ARC = YES;
				CLANG_WARN_BOOL_CONVERSION = YES;
				CLANG_WARN_CONSTANT_CONVERSION = YES;
				CLANG_WARN_DIRECT_OBJC_ISA_USAGE = YES_ERROR;
				CLANG_WARN_EMPTY_BODY = YES;
				CLANG_WARN_ENUM_CONVERSION = YES;
				CLANG_WARN_INT_CONVERSION = YES;
				CLANG_WARN_OBJC_ROOT_CLASS = YES_ERROR;
				CLANG_WARN__DUPLICATE_METHOD_MATCH = YES;
				"CODE_SIGN_IDENTITY[sdk=iphoneos*]" = "iPhone Developer";
				COPY_PHASE_STRIP = NO;
				GCC_C_LANGUAGE_STANDARD = gnu99;
				GCC_DYNAMIC_NO_PIC = NO;
				GCC_OPTIMIZATION_LEVEL = 0;
				GCC_PREPROCESSOR_DEFINITIONS = (
					"DEBUG=1",
					"$(inherited)",
				);
				GCC_SYMBOLS_PRIVATE_EXTERN = NO;
				GCC_WARN_64_TO_32_BIT_CONVERSION = YES;
				GCC_WARN_ABOUT_RETURN_TYPE = YES_ERROR;
				GCC_WARN_UNDECLARED_SELECTOR = YES;
				GCC_WARN_UNINITIALIZED_AUTOS = YES_AGGRESSIVE;
				GCC_WARN_UNUSED_FUNCTION = YES;
				GCC_WARN_UNUSED_VARIABLE = YES;
				IPHONEOS_DEPLOYMENT_TARGET = 7.1;
				ONLY_ACTIVE_ARCH = YES;
				SDKROOT = iphoneos;
			};
			name = Debug;
		};
		D32066E318E7DCEF00076398 /* Release */ = {
			isa = XCBuildConfiguration;
			buildSettings = {
				ALWAYS_SEARCH_USER_PATHS = NO;
				CLANG_CXX_LANGUAGE_STANDARD = "gnu++0x";
				CLANG_CXX_LIBRARY = "libc++";
				CLANG_ENABLE_MODULES = YES;
				CLANG_ENABLE_OBJC_ARC = YES;
				CLANG_WARN_BOOL_CONVERSION = YES;
				CLANG_WARN_CONSTANT_CONVERSION = YES;
				CLANG_WARN_DIRECT_OBJC_ISA_USAGE = YES_ERROR;
				CLANG_WARN_EMPTY_BODY = YES;
				CLANG_WARN_ENUM_CONVERSION = YES;
				CLANG_WARN_INT_CONVERSION = YES;
				CLANG_WARN_OBJC_ROOT_CLASS = YES_ERROR;
				CLANG_WARN__DUPLICATE_METHOD_MATCH = YES;
				"CODE_SIGN_IDENTITY[sdk=iphoneos*]" = "iPhone Developer";
				COPY_PHASE_STRIP = YES;
				ENABLE_NS_ASSERTIONS = NO;
				GCC_C_LANGUAGE_STANDARD = gnu99;
				GCC_WARN_64_TO_32_BIT_CONVERSION = YES;
				GCC_WARN_ABOUT_RETURN_TYPE = YES_ERROR;
				GCC_WARN_UNDECLARED_SELECTOR = YES;
				GCC_WARN_UNINITIALIZED_AUTOS = YES_AGGRESSIVE;
				GCC_WARN_UNUSED_FUNCTION = YES;
				GCC_WARN_UNUSED_VARIABLE = YES;
				IPHONEOS_DEPLOYMENT_TARGET = 7.1;
				SDKROOT = iphoneos;
				VALIDATE_PRODUCT = YES;
			};
			name = Release;
		};
		D32066E518E7DCEF00076398 /* Debug */ = {
			isa = XCBuildConfiguration;
			buildSettings = {
				ASSETCATALOG_COMPILER_APPICON_NAME = AppIcon;
				ASSETCATALOG_COMPILER_LAUNCHIMAGE_NAME = LaunchImage;
				GCC_PRECOMPILE_PREFIX_HEADER = YES;
				GCC_PREFIX_HEADER = "Git Test/Git Test-Prefix.pch";
				INFOPLIST_FILE = "Git Test/Git Test-Info.plist";
				PRODUCT_NAME = "$(TARGET_NAME)";
				WRAPPER_EXTENSION = app;
			};
			name = Debug;
		};
		D32066E618E7DCEF00076398 /* Release */ = {
			isa = XCBuildConfiguration;
			buildSettings = {
				ASSETCATALOG_COMPILER_APPICON_NAME = AppIcon;
				ASSETCATALOG_COMPILER_LAUNCHIMAGE_NAME = LaunchImage;
				GCC_PRECOMPILE_PREFIX_HEADER = YES;
				GCC_PREFIX_HEADER = "Git Test/Git Test-Prefix.pch";
				INFOPLIST_FILE = "Git Test/Git Test-Info.plist";
				PRODUCT_NAME = "$(TARGET_NAME)";
				WRAPPER_EXTENSION = app;
			};
			name = Release;
		};
		D32066E818E7DCEF00076398 /* Debug */ = {
			isa = XCBuildConfiguration;
			buildSettings = {
				BUNDLE_LOADER = "$(BUILT_PRODUCTS_DIR)/Git Test.app/Git Test";
				FRAMEWORK_SEARCH_PATHS = (
					"$(SDKROOT)/Developer/Library/Frameworks",
					"$(inherited)",
					"$(DEVELOPER_FRAMEWORKS_DIR)",
				);
				GCC_PRECOMPILE_PREFIX_HEADER = YES;
				GCC_PREFIX_HEADER = "Git Test/Git Test-Prefix.pch";
				GCC_PREPROCESSOR_DEFINITIONS = (
					"DEBUG=1",
					"$(inherited)",
				);
				INFOPLIST_FILE = "Git TestTests/Git TestTests-Info.plist";
				PRODUCT_NAME = "$(TARGET_NAME)";
				TEST_HOST = "$(BUNDLE_LOADER)";
				WRAPPER_EXTENSION = xctest;
			};
			name = Debug;
		};
		D32066E918E7DCEF00076398 /* Release */ = {
			isa = XCBuildConfiguration;
			buildSettings = {
				BUNDLE_LOADER = "$(BUILT_PRODUCTS_DIR)/Git Test.app/Git Test";
				FRAMEWORK_SEARCH_PATHS = (
					"$(SDKROOT)/Developer/Library/Frameworks",
					"$(inherited)",
					"$(DEVELOPER_FRAMEWORKS_DIR)",
				);
				GCC_PRECOMPILE_PREFIX_HEADER = YES;
				GCC_PREFIX_HEADER = "Git Test/Git Test-Prefix.pch";
				INFOPLIST_FILE = "Git TestTests/Git TestTests-Info.plist";
				PRODUCT_NAME = "$(TARGET_NAME)";
				TEST_HOST = "$(BUNDLE_LOADER)";
				WRAPPER_EXTENSION = xctest;
			};
			name = Release;
		};
/* End XCBuildConfiguration section */

/* Begin XCConfigurationList section */
		D32066AD18E7DCEF00076398 /* Build configuration list for PBXProject "Git Test" */ = {
			isa = XCConfigurationList;
			buildConfigurations = (
				D32066E218E7DCEF00076398 /* Debug */,
				D32066E318E7DCEF00076398 /* Release */,
			);
			defaultConfigurationIsVisible = 0;
			defaultConfigurationName = Release;
		};
		D32066E418E7DCEF00076398 /* Build configuration list for PBXNativeTarget "Git Test" */ = {
			isa = XCConfigurationList;
			buildConfigurations = (
				D32066E518E7DCEF00076398 /* Debug */,
				D32066E618E7DCEF00076398 /* Release */,
			);
			defaultConfigurationIsVisible = 0;
		};
		D32066E718E7DCEF00076398 /* Build configuration list for PBXNativeTarget "Git TestTests" */ = {
			isa = XCConfigurationList;
			buildConfigurations = (
				D32066E818E7DCEF00076398 /* Debug */,
				D32066E918E7DCEF00076398 /* Release */,
			);
			defaultConfigurationIsVisible = 0;
		};
/* End XCConfigurationList section */
	};
	rootObject = D32066AA18E7DCEF00076398 /* Project object */;
}
